// !$*UTF8*$!
{
	archiveVersion = 1;
	classes = {
	};
	objectVersion = 46;
	objects = {

/* Begin PBXBuildFile section */
		4B054DAA14AB0A9B00897EF4 /* libTestFlight.a in Frameworks */ = {isa = PBXBuildFile; fileRef = 4B054DA814AB0A9B00897EF4 /* libTestFlight.a */; };
		4B7A534114AB2A2900070396 /* AdWhirlAdapterGoogleAdMobAds.m in Sources */ = {isa = PBXBuildFile; fileRef = 4B7A52FC14AB2A2900070396 /* AdWhirlAdapterGoogleAdMobAds.m */; };
		4B7A534414AB2A2900070396 /* AdWhirlAdapterIAd.m in Sources */ = {isa = PBXBuildFile; fileRef = 4B7A530214AB2A2900070396 /* AdWhirlAdapterIAd.m */; };
		4B7A534E14AB2A2900070396 /* AdWhirlAdapterCustom.m in Sources */ = {isa = PBXBuildFile; fileRef = 4B7A531A14AB2A2900070396 /* AdWhirlAdapterCustom.m */; };
		4B7A534F14AB2A2900070396 /* AdWhirlAdapterEvent.m in Sources */ = {isa = PBXBuildFile; fileRef = 4B7A531C14AB2A2900070396 /* AdWhirlAdapterEvent.m */; };
		4B7A535014AB2A2900070396 /* AdWhirlAdapterGeneric.m in Sources */ = {isa = PBXBuildFile; fileRef = 4B7A531E14AB2A2900070396 /* AdWhirlAdapterGeneric.m */; };
		4B7A535114AB2A2900070396 /* AdWhirlAdNetworkAdapter+Helpers.m in Sources */ = {isa = PBXBuildFile; fileRef = 4B7A532014AB2A2900070396 /* AdWhirlAdNetworkAdapter+Helpers.m */; };
		4B7A535214AB2A2900070396 /* AdWhirlAdNetworkAdapter.m in Sources */ = {isa = PBXBuildFile; fileRef = 4B7A532114AB2A2900070396 /* AdWhirlAdNetworkAdapter.m */; };
		4B7A535314AB2A2900070396 /* AdWhirlAdNetworkConfig.m in Sources */ = {isa = PBXBuildFile; fileRef = 4B7A532314AB2A2900070396 /* AdWhirlAdNetworkConfig.m */; };
		4B7A535414AB2A2900070396 /* AdWhirlAdNetworkRegistry.m in Sources */ = {isa = PBXBuildFile; fileRef = 4B7A532514AB2A2900070396 /* AdWhirlAdNetworkRegistry.m */; };
		4B7A535514AB2A2900070396 /* AdWhirlClassWrapper.m in Sources */ = {isa = PBXBuildFile; fileRef = 4B7A532714AB2A2900070396 /* AdWhirlClassWrapper.m */; };
		4B7A535614AB2A2900070396 /* AdWhirlConfig.m in Sources */ = {isa = PBXBuildFile; fileRef = 4B7A532914AB2A2900070396 /* AdWhirlConfig.m */; };
		4B7A535714AB2A2900070396 /* AdWhirlConfigStore.m in Sources */ = {isa = PBXBuildFile; fileRef = 4B7A532B14AB2A2900070396 /* AdWhirlConfigStore.m */; };
		4B7A535814AB2A2900070396 /* AdWhirlCustomAdView.m in Sources */ = {isa = PBXBuildFile; fileRef = 4B7A532D14AB2A2900070396 /* AdWhirlCustomAdView.m */; };
		4B7A535914AB2A2900070396 /* AdWhirlError.m in Sources */ = {isa = PBXBuildFile; fileRef = 4B7A532F14AB2A2900070396 /* AdWhirlError.m */; };
		4B7A535A14AB2A2900070396 /* AdWhirlLog.m in Sources */ = {isa = PBXBuildFile; fileRef = 4B7A533114AB2A2900070396 /* AdWhirlLog.m */; };
		4B7A535B14AB2A2900070396 /* AdWhirlView.m in Sources */ = {isa = PBXBuildFile; fileRef = 4B7A533314AB2A2900070396 /* AdWhirlView.m */; };
		4B7A535C14AB2A2900070396 /* AdWhirlWebBrowser.xib in Resources */ = {isa = PBXBuildFile; fileRef = 4B7A533414AB2A2900070396 /* AdWhirlWebBrowser.xib */; };
		4B7A535D14AB2A2900070396 /* AdWhirlWebBrowserController.m in Sources */ = {isa = PBXBuildFile; fileRef = 4B7A533614AB2A2900070396 /* AdWhirlWebBrowserController.m */; };
		4B7A535E14AB2A2900070396 /* ARRollerView.m in Sources */ = {isa = PBXBuildFile; fileRef = 4B7A533714AB2A2900070396 /* ARRollerView.m */; };
		4B7A535F14AB2A2900070396 /* AWNetworkReachabilityWrapper.m in Sources */ = {isa = PBXBuildFile; fileRef = 4B7A533A14AB2A2900070396 /* AWNetworkReachabilityWrapper.m */; };
		4B7A536014AB2A2900070396 /* UIColor+AdWhirlConfig.m in Sources */ = {isa = PBXBuildFile; fileRef = 4B7A533C14AB2A2900070396 /* UIColor+AdWhirlConfig.m */; };
		4B7A537914AB2AC200070396 /* CDataScanner.m in Sources */ = {isa = PBXBuildFile; fileRef = 4B7A536414AB2AC200070396 /* CDataScanner.m */; };
		4B7A537A14AB2AC200070396 /* CDataScanner_Extensions.m in Sources */ = {isa = PBXBuildFile; fileRef = 4B7A536714AB2AC200070396 /* CDataScanner_Extensions.m */; };
		4B7A537B14AB2AC200070396 /* NSCharacterSet_Extensions.m in Sources */ = {isa = PBXBuildFile; fileRef = 4B7A536914AB2AC200070396 /* NSCharacterSet_Extensions.m */; };
		4B7A537C14AB2AC200070396 /* NSDictionary_JSONExtensions.m in Sources */ = {isa = PBXBuildFile; fileRef = 4B7A536B14AB2AC200070396 /* NSDictionary_JSONExtensions.m */; };
		4B7A537D14AB2AC200070396 /* NSScanner_Extensions.m in Sources */ = {isa = PBXBuildFile; fileRef = 4B7A536D14AB2AC200070396 /* NSScanner_Extensions.m */; };
		4B7A537E14AB2AC200070396 /* CJSONDataSerializer.m in Sources */ = {isa = PBXBuildFile; fileRef = 4B7A537014AB2AC200070396 /* CJSONDataSerializer.m */; };
		4B7A537F14AB2AC200070396 /* CJSONDeserializer.m in Sources */ = {isa = PBXBuildFile; fileRef = 4B7A537214AB2AC200070396 /* CJSONDeserializer.m */; };
		4B7A538014AB2AC200070396 /* CJSONScanner.m in Sources */ = {isa = PBXBuildFile; fileRef = 4B7A537414AB2AC200070396 /* CJSONScanner.m */; };
		4B7A538114AB2AC200070396 /* CJSONSerializer.m in Sources */ = {isa = PBXBuildFile; fileRef = 4B7A537614AB2AC200070396 /* CJSONSerializer.m */; };
		4B7A538214AB2AC200070396 /* CSerializedJSONData.m in Sources */ = {isa = PBXBuildFile; fileRef = 4B7A537814AB2AC200070396 /* CSerializedJSONData.m */; };
		4B7A538414AB2B2600070396 /* AddressBook.framework in Frameworks */ = {isa = PBXBuildFile; fileRef = 4B7A538314AB2B2600070396 /* AddressBook.framework */; };
		4B7A538614AB2B3000070396 /* AudioToolbox.framework in Frameworks */ = {isa = PBXBuildFile; fileRef = 4B7A538514AB2B2F00070396 /* AudioToolbox.framework */; };
		4B7A538814AB2B3800070396 /* AVFoundation.framework in Frameworks */ = {isa = PBXBuildFile; fileRef = 4B7A538714AB2B3800070396 /* AVFoundation.framework */; };
		4B7A538A14AB2B4900070396 /* libsqlite3.dylib in Frameworks */ = {isa = PBXBuildFile; fileRef = 4B7A538914AB2B4900070396 /* libsqlite3.dylib */; };
		4B7A538C14AB2B5100070396 /* libz.dylib in Frameworks */ = {isa = PBXBuildFile; fileRef = 4B7A538B14AB2B5100070396 /* libz.dylib */; };
		4B7A539614AB2DBB00070396 /* libGoogleAdMobAds.a in Frameworks */ = {isa = PBXBuildFile; fileRef = 4B7A539414AB2DBB00070396 /* libGoogleAdMobAds.a */; };
		4B7A539714AB2DBB00070396 /* README.txt in Resources */ = {isa = PBXBuildFile; fileRef = 4B7A539514AB2DBB00070396 /* README.txt */; };
		4B9FC48D146177B30078B78C /* background.png in Resources */ = {isa = PBXBuildFile; fileRef = 4B9FC48C146177B30078B78C /* background.png */; };
		4B9FC490146177CA0078B78C /* arrow.png in Resources */ = {isa = PBXBuildFile; fileRef = 4B9FC48F146177CA0078B78C /* arrow.png */; };
		4B9FC492146177CF0078B78C /* location_background.png in Resources */ = {isa = PBXBuildFile; fileRef = 4B9FC491146177CF0078B78C /* location_background.png */; };
		4B9FC494146177D60078B78C /* play.png in Resources */ = {isa = PBXBuildFile; fileRef = 4B9FC493146177D60078B78C /* play.png */; };
		4B9FC496146177DC0078B78C /* pause.png in Resources */ = {isa = PBXBuildFile; fileRef = 4B9FC495146177DC0078B78C /* pause.png */; };
		4B9FC498146177E10078B78C /* stop.png in Resources */ = {isa = PBXBuildFile; fileRef = 4B9FC497146177E10078B78C /* stop.png */; };
		4B9FC49A146177E80078B78C /* EasyNav_Icon_v2.png in Resources */ = {isa = PBXBuildFile; fileRef = 4B9FC499146177E80078B78C /* EasyNav_Icon_v2.png */; };
		4B9FC49C146177F00078B78C /* EasyNav_Splashscreen.png in Resources */ = {isa = PBXBuildFile; fileRef = 4B9FC49B146177F00078B78C /* EasyNav_Splashscreen.png */; };
		4BF4ACF614619C19000217C1 /* TSHeadingCalculator.m in Sources */ = {isa = PBXBuildFile; fileRef = 4BF4ACF514619C19000217C1 /* TSHeadingCalculator.m */; };
		88085E6B13F3A93000E8E91A /* UIKit.framework in Frameworks */ = {isa = PBXBuildFile; fileRef = 88085E6A13F3A93000E8E91A /* UIKit.framework */; };
		88085E6D13F3A93000E8E91A /* Foundation.framework in Frameworks */ = {isa = PBXBuildFile; fileRef = 88085E6C13F3A93000E8E91A /* Foundation.framework */; };
		88085E6F13F3A93000E8E91A /* CoreGraphics.framework in Frameworks */ = {isa = PBXBuildFile; fileRef = 88085E6E13F3A93000E8E91A /* CoreGraphics.framework */; };
		88085E7513F3A93000E8E91A /* InfoPlist.strings in Resources */ = {isa = PBXBuildFile; fileRef = 88085E7313F3A93000E8E91A /* InfoPlist.strings */; };
		88085E7713F3A93000E8E91A /* main.m in Sources */ = {isa = PBXBuildFile; fileRef = 88085E7613F3A93000E8E91A /* main.m */; };
		88085E7B13F3A93000E8E91A /* EasyNavAppDelegate.m in Sources */ = {isa = PBXBuildFile; fileRef = 88085E7A13F3A93000E8E91A /* EasyNavAppDelegate.m */; };
		88085E7E13F3A93000E8E91A /* MainStoryboard.storyboard in Resources */ = {isa = PBXBuildFile; fileRef = 88085E7C13F3A93000E8E91A /* MainStoryboard.storyboard */; };
		88085E8113F3A93000E8E91A /* MainViewController.m in Sources */ = {isa = PBXBuildFile; fileRef = 88085E8013F3A93000E8E91A /* MainViewController.m */; };
		88085E8413F3A93000E8E91A /* FlipsideViewController.m in Sources */ = {isa = PBXBuildFile; fileRef = 88085E8313F3A93000E8E91A /* FlipsideViewController.m */; };
		88085E9013F3B83C00E8E91A /* CoreLocation.framework in Frameworks */ = {isa = PBXBuildFile; fileRef = 88085E8E13F3B83C00E8E91A /* CoreLocation.framework */; };
		88085E9113F3B83C00E8E91A /* MapKit.framework in Frameworks */ = {isa = PBXBuildFile; fileRef = 88085E8F13F3B83C00E8E91A /* MapKit.framework */; };
		88085E9413F4D89300E8E91A /* FoursquareFetcher.m in Sources */ = {isa = PBXBuildFile; fileRef = 88085E9313F4D89200E8E91A /* FoursquareFetcher.m */; };
		88085F0813F502C000E8E91A /* iAd.framework in Frameworks */ = {isa = PBXBuildFile; fileRef = 88085F0713F502C000E8E91A /* iAd.framework */; };
/* End PBXBuildFile section */

/* Begin PBXFileReference section */
		4B054DA814AB0A9B00897EF4 /* libTestFlight.a */ = {isa = PBXFileReference; lastKnownFileType = archive.ar; path = libTestFlight.a; sourceTree = "<group>"; };
		4B054DA914AB0A9B00897EF4 /* TestFlight.h */ = {isa = PBXFileReference; fileEncoding = 4; lastKnownFileType = sourcecode.c.h; path = TestFlight.h; sourceTree = "<group>"; };
		4B7A52FB14AB2A2900070396 /* AdWhirlAdapterGoogleAdMobAds.h */ = {isa = PBXFileReference; fileEncoding = 4; lastKnownFileType = sourcecode.c.h; path = AdWhirlAdapterGoogleAdMobAds.h; sourceTree = "<group>"; };
		4B7A52FC14AB2A2900070396 /* AdWhirlAdapterGoogleAdMobAds.m */ = {isa = PBXFileReference; fileEncoding = 4; lastKnownFileType = sourcecode.c.objc; path = AdWhirlAdapterGoogleAdMobAds.m; sourceTree = "<group>"; };
		4B7A530114AB2A2900070396 /* AdWhirlAdapterIAd.h */ = {isa = PBXFileReference; fileEncoding = 4; lastKnownFileType = sourcecode.c.h; path = AdWhirlAdapterIAd.h; sourceTree = "<group>"; };
		4B7A530214AB2A2900070396 /* AdWhirlAdapterIAd.m */ = {isa = PBXFileReference; fileEncoding = 4; lastKnownFileType = sourcecode.c.objc; path = AdWhirlAdapterIAd.m; sourceTree = "<group>"; };
		4B7A531514AB2A2900070396 /* AdWhirlAdNetworkAdapter.h */ = {isa = PBXFileReference; fileEncoding = 4; lastKnownFileType = sourcecode.c.h; path = AdWhirlAdNetworkAdapter.h; sourceTree = "<group>"; };
		4B7A531614AB2A2900070396 /* AdWhirlDelegateProtocol.h */ = {isa = PBXFileReference; fileEncoding = 4; lastKnownFileType = sourcecode.c.h; path = AdWhirlDelegateProtocol.h; sourceTree = "<group>"; };
		4B7A531714AB2A2900070396 /* AdWhirlView.h */ = {isa = PBXFileReference; fileEncoding = 4; lastKnownFileType = sourcecode.c.h; path = AdWhirlView.h; sourceTree = "<group>"; };
		4B7A531914AB2A2900070396 /* AdWhirlAdapterCustom.h */ = {isa = PBXFileReference; fileEncoding = 4; lastKnownFileType = sourcecode.c.h; path = AdWhirlAdapterCustom.h; sourceTree = "<group>"; };
		4B7A531A14AB2A2900070396 /* AdWhirlAdapterCustom.m */ = {isa = PBXFileReference; fileEncoding = 4; lastKnownFileType = sourcecode.c.objc; path = AdWhirlAdapterCustom.m; sourceTree = "<group>"; };
		4B7A531B14AB2A2900070396 /* AdWhirlAdapterEvent.h */ = {isa = PBXFileReference; fileEncoding = 4; lastKnownFileType = sourcecode.c.h; path = AdWhirlAdapterEvent.h; sourceTree = "<group>"; };
		4B7A531C14AB2A2900070396 /* AdWhirlAdapterEvent.m */ = {isa = PBXFileReference; fileEncoding = 4; lastKnownFileType = sourcecode.c.objc; path = AdWhirlAdapterEvent.m; sourceTree = "<group>"; };
		4B7A531D14AB2A2900070396 /* AdWhirlAdapterGeneric.h */ = {isa = PBXFileReference; fileEncoding = 4; lastKnownFileType = sourcecode.c.h; path = AdWhirlAdapterGeneric.h; sourceTree = "<group>"; };
		4B7A531E14AB2A2900070396 /* AdWhirlAdapterGeneric.m */ = {isa = PBXFileReference; fileEncoding = 4; lastKnownFileType = sourcecode.c.objc; path = AdWhirlAdapterGeneric.m; sourceTree = "<group>"; };
		4B7A531F14AB2A2900070396 /* AdWhirlAdNetworkAdapter+Helpers.h */ = {isa = PBXFileReference; fileEncoding = 4; lastKnownFileType = sourcecode.c.h; path = "AdWhirlAdNetworkAdapter+Helpers.h"; sourceTree = "<group>"; };
		4B7A532014AB2A2900070396 /* AdWhirlAdNetworkAdapter+Helpers.m */ = {isa = PBXFileReference; fileEncoding = 4; lastKnownFileType = sourcecode.c.objc; path = "AdWhirlAdNetworkAdapter+Helpers.m"; sourceTree = "<group>"; };
		4B7A532114AB2A2900070396 /* AdWhirlAdNetworkAdapter.m */ = {isa = PBXFileReference; fileEncoding = 4; lastKnownFileType = sourcecode.c.objc; path = AdWhirlAdNetworkAdapter.m; sourceTree = "<group>"; };
		4B7A532214AB2A2900070396 /* AdWhirlAdNetworkConfig.h */ = {isa = PBXFileReference; fileEncoding = 4; lastKnownFileType = sourcecode.c.h; path = AdWhirlAdNetworkConfig.h; sourceTree = "<group>"; };
		4B7A532314AB2A2900070396 /* AdWhirlAdNetworkConfig.m */ = {isa = PBXFileReference; fileEncoding = 4; lastKnownFileType = sourcecode.c.objc; path = AdWhirlAdNetworkConfig.m; sourceTree = "<group>"; };
		4B7A532414AB2A2900070396 /* AdWhirlAdNetworkRegistry.h */ = {isa = PBXFileReference; fileEncoding = 4; lastKnownFileType = sourcecode.c.h; path = AdWhirlAdNetworkRegistry.h; sourceTree = "<group>"; };
		4B7A532514AB2A2900070396 /* AdWhirlAdNetworkRegistry.m */ = {isa = PBXFileReference; fileEncoding = 4; lastKnownFileType = sourcecode.c.objc; path = AdWhirlAdNetworkRegistry.m; sourceTree = "<group>"; };
		4B7A532614AB2A2900070396 /* AdWhirlClassWrapper.h */ = {isa = PBXFileReference; fileEncoding = 4; lastKnownFileType = sourcecode.c.h; path = AdWhirlClassWrapper.h; sourceTree = "<group>"; };
		4B7A532714AB2A2900070396 /* AdWhirlClassWrapper.m */ = {isa = PBXFileReference; fileEncoding = 4; lastKnownFileType = sourcecode.c.objc; path = AdWhirlClassWrapper.m; sourceTree = "<group>"; };
		4B7A532814AB2A2900070396 /* AdWhirlConfig.h */ = {isa = PBXFileReference; fileEncoding = 4; lastKnownFileType = sourcecode.c.h; path = AdWhirlConfig.h; sourceTree = "<group>"; };
		4B7A532914AB2A2900070396 /* AdWhirlConfig.m */ = {isa = PBXFileReference; fileEncoding = 4; lastKnownFileType = sourcecode.c.objc; path = AdWhirlConfig.m; sourceTree = "<group>"; };
		4B7A532A14AB2A2900070396 /* AdWhirlConfigStore.h */ = {isa = PBXFileReference; fileEncoding = 4; lastKnownFileType = sourcecode.c.h; path = AdWhirlConfigStore.h; sourceTree = "<group>"; };
		4B7A532B14AB2A2900070396 /* AdWhirlConfigStore.m */ = {isa = PBXFileReference; fileEncoding = 4; lastKnownFileType = sourcecode.c.objc; path = AdWhirlConfigStore.m; sourceTree = "<group>"; };
		4B7A532C14AB2A2900070396 /* AdWhirlCustomAdView.h */ = {isa = PBXFileReference; fileEncoding = 4; lastKnownFileType = sourcecode.c.h; path = AdWhirlCustomAdView.h; sourceTree = "<group>"; };
		4B7A532D14AB2A2900070396 /* AdWhirlCustomAdView.m */ = {isa = PBXFileReference; fileEncoding = 4; lastKnownFileType = sourcecode.c.objc; path = AdWhirlCustomAdView.m; sourceTree = "<group>"; };
		4B7A532E14AB2A2900070396 /* AdWhirlError.h */ = {isa = PBXFileReference; fileEncoding = 4; lastKnownFileType = sourcecode.c.h; path = AdWhirlError.h; sourceTree = "<group>"; };
		4B7A532F14AB2A2900070396 /* AdWhirlError.m */ = {isa = PBXFileReference; fileEncoding = 4; lastKnownFileType = sourcecode.c.objc; path = AdWhirlError.m; sourceTree = "<group>"; };
		4B7A533014AB2A2900070396 /* AdWhirlLog.h */ = {isa = PBXFileReference; fileEncoding = 4; lastKnownFileType = sourcecode.c.h; path = AdWhirlLog.h; sourceTree = "<group>"; };
		4B7A533114AB2A2900070396 /* AdWhirlLog.m */ = {isa = PBXFileReference; fileEncoding = 4; lastKnownFileType = sourcecode.c.objc; path = AdWhirlLog.m; sourceTree = "<group>"; };
		4B7A533214AB2A2900070396 /* AdWhirlView+.h */ = {isa = PBXFileReference; fileEncoding = 4; lastKnownFileType = sourcecode.c.h; path = "AdWhirlView+.h"; sourceTree = "<group>"; };
		4B7A533314AB2A2900070396 /* AdWhirlView.m */ = {isa = PBXFileReference; fileEncoding = 4; lastKnownFileType = sourcecode.c.objc; path = AdWhirlView.m; sourceTree = "<group>"; };
		4B7A533414AB2A2900070396 /* AdWhirlWebBrowser.xib */ = {isa = PBXFileReference; fileEncoding = 4; lastKnownFileType = file.xib; path = AdWhirlWebBrowser.xib; sourceTree = "<group>"; };
		4B7A533514AB2A2900070396 /* AdWhirlWebBrowserController.h */ = {isa = PBXFileReference; fileEncoding = 4; lastKnownFileType = sourcecode.c.h; path = AdWhirlWebBrowserController.h; sourceTree = "<group>"; };
		4B7A533614AB2A2900070396 /* AdWhirlWebBrowserController.m */ = {isa = PBXFileReference; fileEncoding = 4; lastKnownFileType = sourcecode.c.objc; path = AdWhirlWebBrowserController.m; sourceTree = "<group>"; };
		4B7A533714AB2A2900070396 /* ARRollerView.m */ = {isa = PBXFileReference; fileEncoding = 4; lastKnownFileType = sourcecode.c.objc; path = ARRollerView.m; sourceTree = "<group>"; };
		4B7A533814AB2A2900070396 /* AWNetworkReachabilityDelegate.h */ = {isa = PBXFileReference; fileEncoding = 4; lastKnownFileType = sourcecode.c.h; path = AWNetworkReachabilityDelegate.h; sourceTree = "<group>"; };
		4B7A533914AB2A2900070396 /* AWNetworkReachabilityWrapper.h */ = {isa = PBXFileReference; fileEncoding = 4; lastKnownFileType = sourcecode.c.h; path = AWNetworkReachabilityWrapper.h; sourceTree = "<group>"; };
		4B7A533A14AB2A2900070396 /* AWNetworkReachabilityWrapper.m */ = {isa = PBXFileReference; fileEncoding = 4; lastKnownFileType = sourcecode.c.objc; path = AWNetworkReachabilityWrapper.m; sourceTree = "<group>"; };
		4B7A533B14AB2A2900070396 /* UIColor+AdWhirlConfig.h */ = {isa = PBXFileReference; fileEncoding = 4; lastKnownFileType = sourcecode.c.h; path = "UIColor+AdWhirlConfig.h"; sourceTree = "<group>"; };
		4B7A533C14AB2A2900070396 /* UIColor+AdWhirlConfig.m */ = {isa = PBXFileReference; fileEncoding = 4; lastKnownFileType = sourcecode.c.objc; path = "UIColor+AdWhirlConfig.m"; sourceTree = "<group>"; };
		4B7A533E14AB2A2900070396 /* ARRollerProtocol.h */ = {isa = PBXFileReference; fileEncoding = 4; lastKnownFileType = sourcecode.c.h; path = ARRollerProtocol.h; sourceTree = "<group>"; };
		4B7A533F14AB2A2900070396 /* ARRollerView.h */ = {isa = PBXFileReference; fileEncoding = 4; lastKnownFileType = sourcecode.c.h; path = ARRollerView.h; sourceTree = "<group>"; };
		4B7A536314AB2AC200070396 /* CDataScanner.h */ = {isa = PBXFileReference; fileEncoding = 4; lastKnownFileType = sourcecode.c.h; path = CDataScanner.h; sourceTree = "<group>"; };
		4B7A536414AB2AC200070396 /* CDataScanner.m */ = {isa = PBXFileReference; fileEncoding = 4; lastKnownFileType = sourcecode.c.objc; path = CDataScanner.m; sourceTree = "<group>"; };
		4B7A536614AB2AC200070396 /* CDataScanner_Extensions.h */ = {isa = PBXFileReference; fileEncoding = 4; lastKnownFileType = sourcecode.c.h; path = CDataScanner_Extensions.h; sourceTree = "<group>"; };
		4B7A536714AB2AC200070396 /* CDataScanner_Extensions.m */ = {isa = PBXFileReference; fileEncoding = 4; lastKnownFileType = sourcecode.c.objc; path = CDataScanner_Extensions.m; sourceTree = "<group>"; };
		4B7A536814AB2AC200070396 /* NSCharacterSet_Extensions.h */ = {isa = PBXFileReference; fileEncoding = 4; lastKnownFileType = sourcecode.c.h; path = NSCharacterSet_Extensions.h; sourceTree = "<group>"; };
		4B7A536914AB2AC200070396 /* NSCharacterSet_Extensions.m */ = {isa = PBXFileReference; fileEncoding = 4; lastKnownFileType = sourcecode.c.objc; path = NSCharacterSet_Extensions.m; sourceTree = "<group>"; };
		4B7A536A14AB2AC200070396 /* NSDictionary_JSONExtensions.h */ = {isa = PBXFileReference; fileEncoding = 4; lastKnownFileType = sourcecode.c.h; path = NSDictionary_JSONExtensions.h; sourceTree = "<group>"; };
		4B7A536B14AB2AC200070396 /* NSDictionary_JSONExtensions.m */ = {isa = PBXFileReference; fileEncoding = 4; lastKnownFileType = sourcecode.c.objc; path = NSDictionary_JSONExtensions.m; sourceTree = "<group>"; };
		4B7A536C14AB2AC200070396 /* NSScanner_Extensions.h */ = {isa = PBXFileReference; fileEncoding = 4; lastKnownFileType = sourcecode.c.h; path = NSScanner_Extensions.h; sourceTree = "<group>"; };
		4B7A536D14AB2AC200070396 /* NSScanner_Extensions.m */ = {isa = PBXFileReference; fileEncoding = 4; lastKnownFileType = sourcecode.c.objc; path = NSScanner_Extensions.m; sourceTree = "<group>"; };
		4B7A536F14AB2AC200070396 /* CJSONDataSerializer.h */ = {isa = PBXFileReference; fileEncoding = 4; lastKnownFileType = sourcecode.c.h; path = CJSONDataSerializer.h; sourceTree = "<group>"; };
		4B7A537014AB2AC200070396 /* CJSONDataSerializer.m */ = {isa = PBXFileReference; fileEncoding = 4; lastKnownFileType = sourcecode.c.objc; path = CJSONDataSerializer.m; sourceTree = "<group>"; };
		4B7A537114AB2AC200070396 /* CJSONDeserializer.h */ = {isa = PBXFileReference; fileEncoding = 4; lastKnownFileType = sourcecode.c.h; path = CJSONDeserializer.h; sourceTree = "<group>"; };
		4B7A537214AB2AC200070396 /* CJSONDeserializer.m */ = {isa = PBXFileReference; fileEncoding = 4; lastKnownFileType = sourcecode.c.objc; path = CJSONDeserializer.m; sourceTree = "<group>"; };
		4B7A537314AB2AC200070396 /* CJSONScanner.h */ = {isa = PBXFileReference; fileEncoding = 4; lastKnownFileType = sourcecode.c.h; path = CJSONScanner.h; sourceTree = "<group>"; };
		4B7A537414AB2AC200070396 /* CJSONScanner.m */ = {isa = PBXFileReference; fileEncoding = 4; lastKnownFileType = sourcecode.c.objc; path = CJSONScanner.m; sourceTree = "<group>"; };
		4B7A537514AB2AC200070396 /* CJSONSerializer.h */ = {isa = PBXFileReference; fileEncoding = 4; lastKnownFileType = sourcecode.c.h; path = CJSONSerializer.h; sourceTree = "<group>"; };
		4B7A537614AB2AC200070396 /* CJSONSerializer.m */ = {isa = PBXFileReference; fileEncoding = 4; lastKnownFileType = sourcecode.c.objc; path = CJSONSerializer.m; sourceTree = "<group>"; };
		4B7A537714AB2AC200070396 /* CSerializedJSONData.h */ = {isa = PBXFileReference; fileEncoding = 4; lastKnownFileType = sourcecode.c.h; path = CSerializedJSONData.h; sourceTree = "<group>"; };
		4B7A537814AB2AC200070396 /* CSerializedJSONData.m */ = {isa = PBXFileReference; fileEncoding = 4; lastKnownFileType = sourcecode.c.objc; path = CSerializedJSONData.m; sourceTree = "<group>"; };
		4B7A538314AB2B2600070396 /* AddressBook.framework */ = {isa = PBXFileReference; lastKnownFileType = wrapper.framework; name = AddressBook.framework; path = System/Library/Frameworks/AddressBook.framework; sourceTree = SDKROOT; };
		4B7A538514AB2B2F00070396 /* AudioToolbox.framework */ = {isa = PBXFileReference; lastKnownFileType = wrapper.framework; name = AudioToolbox.framework; path = System/Library/Frameworks/AudioToolbox.framework; sourceTree = SDKROOT; };
		4B7A538714AB2B3800070396 /* AVFoundation.framework */ = {isa = PBXFileReference; lastKnownFileType = wrapper.framework; name = AVFoundation.framework; path = System/Library/Frameworks/AVFoundation.framework; sourceTree = SDKROOT; };
		4B7A538914AB2B4900070396 /* libsqlite3.dylib */ = {isa = PBXFileReference; lastKnownFileType = "compiled.mach-o.dylib"; name = libsqlite3.dylib; path = usr/lib/libsqlite3.dylib; sourceTree = SDKROOT; };
		4B7A538B14AB2B5100070396 /* libz.dylib */ = {isa = PBXFileReference; lastKnownFileType = "compiled.mach-o.dylib"; name = libz.dylib; path = usr/lib/libz.dylib; sourceTree = SDKROOT; };
		4B7A538E14AB2DBB00070396 /* GADBannerView.h */ = {isa = PBXFileReference; fileEncoding = 4; lastKnownFileType = sourcecode.c.h; path = GADBannerView.h; sourceTree = "<group>"; };
		4B7A538F14AB2DBB00070396 /* GADBannerViewDelegate.h */ = {isa = PBXFileReference; fileEncoding = 4; lastKnownFileType = sourcecode.c.h; path = GADBannerViewDelegate.h; sourceTree = "<group>"; };
		4B7A539014AB2DBB00070396 /* GADInterstitial.h */ = {isa = PBXFileReference; fileEncoding = 4; lastKnownFileType = sourcecode.c.h; path = GADInterstitial.h; sourceTree = "<group>"; };
		4B7A539114AB2DBB00070396 /* GADInterstitialDelegate.h */ = {isa = PBXFileReference; fileEncoding = 4; lastKnownFileType = sourcecode.c.h; path = GADInterstitialDelegate.h; sourceTree = "<group>"; };
		4B7A539214AB2DBB00070396 /* GADRequest.h */ = {isa = PBXFileReference; fileEncoding = 4; lastKnownFileType = sourcecode.c.h; path = GADRequest.h; sourceTree = "<group>"; };
		4B7A539314AB2DBB00070396 /* GADRequestError.h */ = {isa = PBXFileReference; fileEncoding = 4; lastKnownFileType = sourcecode.c.h; path = GADRequestError.h; sourceTree = "<group>"; };
		4B7A539414AB2DBB00070396 /* libGoogleAdMobAds.a */ = {isa = PBXFileReference; lastKnownFileType = archive.ar; path = libGoogleAdMobAds.a; sourceTree = "<group>"; };
		4B7A539514AB2DBB00070396 /* README.txt */ = {isa = PBXFileReference; fileEncoding = 4; lastKnownFileType = text; path = README.txt; sourceTree = "<group>"; };
		4B9FC48C146177B30078B78C /* background.png */ = {isa = PBXFileReference; lastKnownFileType = image.png; path = background.png; sourceTree = "<group>"; };
		4B9FC48F146177CA0078B78C /* arrow.png */ = {isa = PBXFileReference; lastKnownFileType = image.png; path = arrow.png; sourceTree = "<group>"; };
		4B9FC491146177CF0078B78C /* location_background.png */ = {isa = PBXFileReference; lastKnownFileType = image.png; path = location_background.png; sourceTree = "<group>"; };
		4B9FC493146177D60078B78C /* play.png */ = {isa = PBXFileReference; lastKnownFileType = image.png; path = play.png; sourceTree = "<group>"; };
		4B9FC495146177DC0078B78C /* pause.png */ = {isa = PBXFileReference; lastKnownFileType = image.png; path = pause.png; sourceTree = "<group>"; };
		4B9FC497146177E10078B78C /* stop.png */ = {isa = PBXFileReference; lastKnownFileType = image.png; path = stop.png; sourceTree = "<group>"; };
		4B9FC499146177E80078B78C /* EasyNav_Icon_v2.png */ = {isa = PBXFileReference; lastKnownFileType = image.png; path = EasyNav_Icon_v2.png; sourceTree = "<group>"; };
		4B9FC49B146177F00078B78C /* EasyNav_Splashscreen.png */ = {isa = PBXFileReference; lastKnownFileType = image.png; path = EasyNav_Splashscreen.png; sourceTree = "<group>"; };
		4BF4ACF414619C19000217C1 /* TSHeadingCalculator.h */ = {isa = PBXFileReference; fileEncoding = 4; lastKnownFileType = sourcecode.c.h; path = TSHeadingCalculator.h; sourceTree = "<group>"; };
		4BF4ACF514619C19000217C1 /* TSHeadingCalculator.m */ = {isa = PBXFileReference; fileEncoding = 4; lastKnownFileType = sourcecode.c.objc; path = TSHeadingCalculator.m; sourceTree = "<group>"; };
		88085E6613F3A93000E8E91A /* EasyNav.app */ = {isa = PBXFileReference; explicitFileType = wrapper.application; includeInIndex = 0; path = EasyNav.app; sourceTree = BUILT_PRODUCTS_DIR; };
		88085E6A13F3A93000E8E91A /* UIKit.framework */ = {isa = PBXFileReference; lastKnownFileType = wrapper.framework; name = UIKit.framework; path = System/Library/Frameworks/UIKit.framework; sourceTree = SDKROOT; };
		88085E6C13F3A93000E8E91A /* Foundation.framework */ = {isa = PBXFileReference; lastKnownFileType = wrapper.framework; name = Foundation.framework; path = System/Library/Frameworks/Foundation.framework; sourceTree = SDKROOT; };
		88085E6E13F3A93000E8E91A /* CoreGraphics.framework */ = {isa = PBXFileReference; lastKnownFileType = wrapper.framework; name = CoreGraphics.framework; path = System/Library/Frameworks/CoreGraphics.framework; sourceTree = SDKROOT; };
		88085E7213F3A93000E8E91A /* EasyNav-Info.plist */ = {isa = PBXFileReference; lastKnownFileType = text.plist; path = "EasyNav-Info.plist"; sourceTree = "<group>"; };
		88085E7413F3A93000E8E91A /* en */ = {isa = PBXFileReference; lastKnownFileType = text.plist.strings; name = en; path = en.lproj/InfoPlist.strings; sourceTree = "<group>"; };
		88085E7613F3A93000E8E91A /* main.m */ = {isa = PBXFileReference; lastKnownFileType = sourcecode.c.objc; path = main.m; sourceTree = "<group>"; };
		88085E7813F3A93000E8E91A /* EasyNav-Prefix.pch */ = {isa = PBXFileReference; lastKnownFileType = sourcecode.c.h; path = "EasyNav-Prefix.pch"; sourceTree = "<group>"; };
		88085E7913F3A93000E8E91A /* EasyNavAppDelegate.h */ = {isa = PBXFileReference; lastKnownFileType = sourcecode.c.h; path = EasyNavAppDelegate.h; sourceTree = "<group>"; };
		88085E7A13F3A93000E8E91A /* EasyNavAppDelegate.m */ = {isa = PBXFileReference; lastKnownFileType = sourcecode.c.objc; path = EasyNavAppDelegate.m; sourceTree = "<group>"; };
		88085E7D13F3A93000E8E91A /* en */ = {isa = PBXFileReference; lastKnownFileType = file.storyboard; name = en; path = en.lproj/MainStoryboard.storyboard; sourceTree = "<group>"; };
		88085E7F13F3A93000E8E91A /* MainViewController.h */ = {isa = PBXFileReference; lastKnownFileType = sourcecode.c.h; path = MainViewController.h; sourceTree = "<group>"; };
		88085E8013F3A93000E8E91A /* MainViewController.m */ = {isa = PBXFileReference; lastKnownFileType = sourcecode.c.objc; path = MainViewController.m; sourceTree = "<group>"; };
		88085E8213F3A93000E8E91A /* FlipsideViewController.h */ = {isa = PBXFileReference; lastKnownFileType = sourcecode.c.h; path = FlipsideViewController.h; sourceTree = "<group>"; };
		88085E8313F3A93000E8E91A /* FlipsideViewController.m */ = {isa = PBXFileReference; lastKnownFileType = sourcecode.c.objc; path = FlipsideViewController.m; sourceTree = "<group>"; };
		88085E8E13F3B83C00E8E91A /* CoreLocation.framework */ = {isa = PBXFileReference; lastKnownFileType = wrapper.framework; name = CoreLocation.framework; path = System/Library/Frameworks/CoreLocation.framework; sourceTree = SDKROOT; };
		88085E8F13F3B83C00E8E91A /* MapKit.framework */ = {isa = PBXFileReference; lastKnownFileType = wrapper.framework; name = MapKit.framework; path = System/Library/Frameworks/MapKit.framework; sourceTree = SDKROOT; };
		88085E9213F4D89200E8E91A /* FoursquareFetcher.h */ = {isa = PBXFileReference; fileEncoding = 4; lastKnownFileType = sourcecode.c.h; path = FoursquareFetcher.h; sourceTree = "<group>"; };
		88085E9313F4D89200E8E91A /* FoursquareFetcher.m */ = {isa = PBXFileReference; fileEncoding = 4; lastKnownFileType = sourcecode.c.objc; path = FoursquareFetcher.m; sourceTree = "<group>"; };
		88085F0713F502C000E8E91A /* iAd.framework */ = {isa = PBXFileReference; lastKnownFileType = wrapper.framework; name = iAd.framework; path = System/Library/Frameworks/iAd.framework; sourceTree = SDKROOT; };
/* End PBXFileReference section */

/* Begin PBXFrameworksBuildPhase section */
		88085E6313F3A93000E8E91A /* Frameworks */ = {
			isa = PBXFrameworksBuildPhase;
			buildActionMask = 2147483647;
			files = (
				4B7A538C14AB2B5100070396 /* libz.dylib in Frameworks */,
				4B7A538A14AB2B4900070396 /* libsqlite3.dylib in Frameworks */,
				4B7A538814AB2B3800070396 /* AVFoundation.framework in Frameworks */,
				4B7A538614AB2B3000070396 /* AudioToolbox.framework in Frameworks */,
				4B7A538414AB2B2600070396 /* AddressBook.framework in Frameworks */,
				88085F0813F502C000E8E91A /* iAd.framework in Frameworks */,
				88085E9013F3B83C00E8E91A /* CoreLocation.framework in Frameworks */,
				88085E9113F3B83C00E8E91A /* MapKit.framework in Frameworks */,
				88085E6B13F3A93000E8E91A /* UIKit.framework in Frameworks */,
				88085E6D13F3A93000E8E91A /* Foundation.framework in Frameworks */,
				88085E6F13F3A93000E8E91A /* CoreGraphics.framework in Frameworks */,
				4B054DAA14AB0A9B00897EF4 /* libTestFlight.a in Frameworks */,
				4B7A539614AB2DBB00070396 /* libGoogleAdMobAds.a in Frameworks */,
			);
			runOnlyForDeploymentPostprocessing = 0;
		};
/* End PBXFrameworksBuildPhase section */

/* Begin PBXGroup section */
		4B7A52F714AB2A2900070396 /* AdWhirl */ = {
			isa = PBXGroup;
			children = (
				4B7A52F814AB2A2900070396 /* adapters */,
				4B7A531614AB2A2900070396 /* AdWhirlDelegateProtocol.h */,
				4B7A531714AB2A2900070396 /* AdWhirlView.h */,
				4B7A531814AB2A2900070396 /* internal */,
				4B7A533D14AB2A2900070396 /* legacy */,
			);
			path = AdWhirl;
			sourceTree = "<group>";
		};
		4B7A52F814AB2A2900070396 /* adapters */ = {
			isa = PBXGroup;
			children = (
				4B7A52FB14AB2A2900070396 /* AdWhirlAdapterGoogleAdMobAds.h */,
				4B7A52FC14AB2A2900070396 /* AdWhirlAdapterGoogleAdMobAds.m */,
				4B7A530114AB2A2900070396 /* AdWhirlAdapterIAd.h */,
				4B7A530214AB2A2900070396 /* AdWhirlAdapterIAd.m */,
				4B7A531514AB2A2900070396 /* AdWhirlAdNetworkAdapter.h */,
			);
			path = adapters;
			sourceTree = "<group>";
		};
		4B7A531814AB2A2900070396 /* internal */ = {
			isa = PBXGroup;
			children = (
				4B7A531914AB2A2900070396 /* AdWhirlAdapterCustom.h */,
				4B7A531A14AB2A2900070396 /* AdWhirlAdapterCustom.m */,
				4B7A531B14AB2A2900070396 /* AdWhirlAdapterEvent.h */,
				4B7A531C14AB2A2900070396 /* AdWhirlAdapterEvent.m */,
				4B7A531D14AB2A2900070396 /* AdWhirlAdapterGeneric.h */,
				4B7A531E14AB2A2900070396 /* AdWhirlAdapterGeneric.m */,
				4B7A531F14AB2A2900070396 /* AdWhirlAdNetworkAdapter+Helpers.h */,
				4B7A532014AB2A2900070396 /* AdWhirlAdNetworkAdapter+Helpers.m */,
				4B7A532114AB2A2900070396 /* AdWhirlAdNetworkAdapter.m */,
				4B7A532214AB2A2900070396 /* AdWhirlAdNetworkConfig.h */,
				4B7A532314AB2A2900070396 /* AdWhirlAdNetworkConfig.m */,
				4B7A532414AB2A2900070396 /* AdWhirlAdNetworkRegistry.h */,
				4B7A532514AB2A2900070396 /* AdWhirlAdNetworkRegistry.m */,
				4B7A532614AB2A2900070396 /* AdWhirlClassWrapper.h */,
				4B7A532714AB2A2900070396 /* AdWhirlClassWrapper.m */,
				4B7A532814AB2A2900070396 /* AdWhirlConfig.h */,
				4B7A532914AB2A2900070396 /* AdWhirlConfig.m */,
				4B7A532A14AB2A2900070396 /* AdWhirlConfigStore.h */,
				4B7A532B14AB2A2900070396 /* AdWhirlConfigStore.m */,
				4B7A532C14AB2A2900070396 /* AdWhirlCustomAdView.h */,
				4B7A532D14AB2A2900070396 /* AdWhirlCustomAdView.m */,
				4B7A532E14AB2A2900070396 /* AdWhirlError.h */,
				4B7A532F14AB2A2900070396 /* AdWhirlError.m */,
				4B7A533014AB2A2900070396 /* AdWhirlLog.h */,
				4B7A533114AB2A2900070396 /* AdWhirlLog.m */,
				4B7A533214AB2A2900070396 /* AdWhirlView+.h */,
				4B7A533314AB2A2900070396 /* AdWhirlView.m */,
				4B7A533414AB2A2900070396 /* AdWhirlWebBrowser.xib */,
				4B7A533514AB2A2900070396 /* AdWhirlWebBrowserController.h */,
				4B7A533614AB2A2900070396 /* AdWhirlWebBrowserController.m */,
				4B7A533714AB2A2900070396 /* ARRollerView.m */,
				4B7A533814AB2A2900070396 /* AWNetworkReachabilityDelegate.h */,
				4B7A533914AB2A2900070396 /* AWNetworkReachabilityWrapper.h */,
				4B7A533A14AB2A2900070396 /* AWNetworkReachabilityWrapper.m */,
				4B7A533B14AB2A2900070396 /* UIColor+AdWhirlConfig.h */,
				4B7A533C14AB2A2900070396 /* UIColor+AdWhirlConfig.m */,
			);
			path = internal;
			sourceTree = "<group>";
		};
		4B7A533D14AB2A2900070396 /* legacy */ = {
			isa = PBXGroup;
			children = (
				4B7A533E14AB2A2900070396 /* ARRollerProtocol.h */,
				4B7A533F14AB2A2900070396 /* ARRollerView.h */,
			);
			path = legacy;
			sourceTree = "<group>";
		};
		4B7A536214AB2AC200070396 /* TouchJSON */ = {
			isa = PBXGroup;
			children = (
				4B7A536314AB2AC200070396 /* CDataScanner.h */,
				4B7A536414AB2AC200070396 /* CDataScanner.m */,
				4B7A536514AB2AC200070396 /* Extensions */,
				4B7A536E14AB2AC200070396 /* JSON */,
			);
			path = TouchJSON;
			sourceTree = "<group>";
		};
		4B7A536514AB2AC200070396 /* Extensions */ = {
			isa = PBXGroup;
			children = (
				4B7A536614AB2AC200070396 /* CDataScanner_Extensions.h */,
				4B7A536714AB2AC200070396 /* CDataScanner_Extensions.m */,
				4B7A536814AB2AC200070396 /* NSCharacterSet_Extensions.h */,
				4B7A536914AB2AC200070396 /* NSCharacterSet_Extensions.m */,
				4B7A536A14AB2AC200070396 /* NSDictionary_JSONExtensions.h */,
				4B7A536B14AB2AC200070396 /* NSDictionary_JSONExtensions.m */,
				4B7A536C14AB2AC200070396 /* NSScanner_Extensions.h */,
				4B7A536D14AB2AC200070396 /* NSScanner_Extensions.m */,
			);
			path = Extensions;
			sourceTree = "<group>";
		};
		4B7A536E14AB2AC200070396 /* JSON */ = {
			isa = PBXGroup;
			children = (
				4B7A536F14AB2AC200070396 /* CJSONDataSerializer.h */,
				4B7A537014AB2AC200070396 /* CJSONDataSerializer.m */,
				4B7A537114AB2AC200070396 /* CJSONDeserializer.h */,
				4B7A537214AB2AC200070396 /* CJSONDeserializer.m */,
				4B7A537314AB2AC200070396 /* CJSONScanner.h */,
				4B7A537414AB2AC200070396 /* CJSONScanner.m */,
				4B7A537514AB2AC200070396 /* CJSONSerializer.h */,
				4B7A537614AB2AC200070396 /* CJSONSerializer.m */,
				4B7A537714AB2AC200070396 /* CSerializedJSONData.h */,
				4B7A537814AB2AC200070396 /* CSerializedJSONData.m */,
			);
			path = JSON;
			sourceTree = "<group>";
		};
		4B7A538D14AB2DBB00070396 /* AdMob */ = {
			isa = PBXGroup;
			children = (
				4B7A538E14AB2DBB00070396 /* GADBannerView.h */,
				4B7A538F14AB2DBB00070396 /* GADBannerViewDelegate.h */,
				4B7A539014AB2DBB00070396 /* GADInterstitial.h */,
				4B7A539114AB2DBB00070396 /* GADInterstitialDelegate.h */,
				4B7A539214AB2DBB00070396 /* GADRequest.h */,
				4B7A539314AB2DBB00070396 /* GADRequestError.h */,
				4B7A539414AB2DBB00070396 /* libGoogleAdMobAds.a */,
				4B7A539514AB2DBB00070396 /* README.txt */,
			);
			path = AdMob;
			sourceTree = "<group>";
		};
		4B9FC48E146177B80078B78C /* Icons */ = {
			isa = PBXGroup;
			children = (
				4B9FC48C146177B30078B78C /* background.png */,
				4B9FC48F146177CA0078B78C /* arrow.png */,
				4B9FC491146177CF0078B78C /* location_background.png */,
				4B9FC493146177D60078B78C /* play.png */,
				4B9FC495146177DC0078B78C /* pause.png */,
				4B9FC497146177E10078B78C /* stop.png */,
				4B9FC499146177E80078B78C /* EasyNav_Icon_v2.png */,
				4B9FC49B146177F00078B78C /* EasyNav_Splashscreen.png */,
			);
			name = Icons;
			sourceTree = "<group>";
		};
		88085E5B13F3A93000E8E91A = {
			isa = PBXGroup;
			children = (
				4B7A538B14AB2B5100070396 /* libz.dylib */,
				4B7A538914AB2B4900070396 /* libsqlite3.dylib */,
				4B7A538714AB2B3800070396 /* AVFoundation.framework */,
				4B7A538514AB2B2F00070396 /* AudioToolbox.framework */,
				4B7A538314AB2B2600070396 /* AddressBook.framework */,
				88085E7013F3A93000E8E91A /* EasyNav */,
				88085E6913F3A93000E8E91A /* Frameworks */,
				88085E6713F3A93000E8E91A /* Products */,
			);
			sourceTree = "<group>";
		};
		88085E6713F3A93000E8E91A /* Products */ = {
			isa = PBXGroup;
			children = (
				88085E6613F3A93000E8E91A /* EasyNav.app */,
			);
			name = Products;
			sourceTree = "<group>";
		};
		88085E6913F3A93000E8E91A /* Frameworks */ = {
			isa = PBXGroup;
			children = (
				4B7A538D14AB2DBB00070396 /* AdMob */,
				4B7A536214AB2AC200070396 /* TouchJSON */,
				4B7A52F714AB2A2900070396 /* AdWhirl */,
				4B054DA814AB0A9B00897EF4 /* libTestFlight.a */,
				4B054DA914AB0A9B00897EF4 /* TestFlight.h */,
				88085E8E13F3B83C00E8E91A /* CoreLocation.framework */,
				88085F0713F502C000E8E91A /* iAd.framework */,
				88085E8F13F3B83C00E8E91A /* MapKit.framework */,
				88085E6A13F3A93000E8E91A /* UIKit.framework */,
				88085E6C13F3A93000E8E91A /* Foundation.framework */,
				88085E6E13F3A93000E8E91A /* CoreGraphics.framework */,
			);
			path = Frameworks;
			sourceTree = "<group>";
		};
		88085E7013F3A93000E8E91A /* EasyNav */ = {
			isa = PBXGroup;
			children = (
				4BF4ACF414619C19000217C1 /* TSHeadingCalculator.h */,
				4BF4ACF514619C19000217C1 /* TSHeadingCalculator.m */,
				88085E7913F3A93000E8E91A /* EasyNavAppDelegate.h */,
				88085E7A13F3A93000E8E91A /* EasyNavAppDelegate.m */,
				88085E7C13F3A93000E8E91A /* MainStoryboard.storyboard */,
				88085E7F13F3A93000E8E91A /* MainViewController.h */,
				88085E8013F3A93000E8E91A /* MainViewController.m */,
				88085E8213F3A93000E8E91A /* FlipsideViewController.h */,
				88085E8313F3A93000E8E91A /* FlipsideViewController.m */,
				88085E9213F4D89200E8E91A /* FoursquareFetcher.h */,
				88085E9313F4D89200E8E91A /* FoursquareFetcher.m */,
				88085E7113F3A93000E8E91A /* Supporting Files */,
			);
			path = EasyNav;
			sourceTree = "<group>";
		};
		88085E7113F3A93000E8E91A /* Supporting Files */ = {
			isa = PBXGroup;
			children = (
				88085E7213F3A93000E8E91A /* EasyNav-Info.plist */,
				88085E7313F3A93000E8E91A /* InfoPlist.strings */,
				88085E7613F3A93000E8E91A /* main.m */,
				88085E7813F3A93000E8E91A /* EasyNav-Prefix.pch */,
				4B9FC48E146177B80078B78C /* Icons */,
			);
			name = "Supporting Files";
			sourceTree = "<group>";
		};
/* End PBXGroup section */

/* Begin PBXNativeTarget section */
		88085E6513F3A93000E8E91A /* EasyNav */ = {
			isa = PBXNativeTarget;
			buildConfigurationList = 88085E8713F3A93000E8E91A /* Build configuration list for PBXNativeTarget "EasyNav" */;
			buildPhases = (
				88085E6213F3A93000E8E91A /* Sources */,
				88085E6313F3A93000E8E91A /* Frameworks */,
				88085E6413F3A93000E8E91A /* Resources */,
			);
			buildRules = (
			);
			dependencies = (
			);
			name = EasyNav;
			productName = EasyNav2;
			productReference = 88085E6613F3A93000E8E91A /* EasyNav.app */;
			productType = "com.apple.product-type.application";
		};
/* End PBXNativeTarget section */

/* Begin PBXProject section */
		88085E5D13F3A93000E8E91A /* Project object */ = {
			isa = PBXProject;
			attributes = {
				LastUpgradeCheck = 0420;
				ORGANIZATIONNAME = www.timshi.com;
			};
			buildConfigurationList = 88085E6013F3A93000E8E91A /* Build configuration list for PBXProject "EasyNav" */;
			compatibilityVersion = "Xcode 3.2";
			developmentRegion = English;
			hasScannedForEncodings = 0;
			knownRegions = (
				en,
			);
			mainGroup = 88085E5B13F3A93000E8E91A;
			productRefGroup = 88085E6713F3A93000E8E91A /* Products */;
			projectDirPath = "";
			projectRoot = "";
			targets = (
				88085E6513F3A93000E8E91A /* EasyNav */,
			);
		};
/* End PBXProject section */

/* Begin PBXResourcesBuildPhase section */
		88085E6413F3A93000E8E91A /* Resources */ = {
			isa = PBXResourcesBuildPhase;
			buildActionMask = 2147483647;
			files = (
				88085E7513F3A93000E8E91A /* InfoPlist.strings in Resources */,
				88085E7E13F3A93000E8E91A /* MainStoryboard.storyboard in Resources */,
				4B9FC48D146177B30078B78C /* background.png in Resources */,
				4B9FC490146177CA0078B78C /* arrow.png in Resources */,
				4B9FC492146177CF0078B78C /* location_background.png in Resources */,
				4B9FC494146177D60078B78C /* play.png in Resources */,
				4B9FC496146177DC0078B78C /* pause.png in Resources */,
				4B9FC498146177E10078B78C /* stop.png in Resources */,
				4B9FC49A146177E80078B78C /* EasyNav_Icon_v2.png in Resources */,
				4B9FC49C146177F00078B78C /* EasyNav_Splashscreen.png in Resources */,
				4B7A535C14AB2A2900070396 /* AdWhirlWebBrowser.xib in Resources */,
				4B7A539714AB2DBB00070396 /* README.txt in Resources */,
			);
			runOnlyForDeploymentPostprocessing = 0;
		};
/* End PBXResourcesBuildPhase section */

/* Begin PBXSourcesBuildPhase section */
		88085E6213F3A93000E8E91A /* Sources */ = {
			isa = PBXSourcesBuildPhase;
			buildActionMask = 2147483647;
			files = (
				88085E7713F3A93000E8E91A /* main.m in Sources */,
				88085E7B13F3A93000E8E91A /* EasyNavAppDelegate.m in Sources */,
				88085E8113F3A93000E8E91A /* MainViewController.m in Sources */,
				88085E8413F3A93000E8E91A /* FlipsideViewController.m in Sources */,
				88085E9413F4D89300E8E91A /* FoursquareFetcher.m in Sources */,
				4BF4ACF614619C19000217C1 /* TSHeadingCalculator.m in Sources */,
				4B7A534114AB2A2900070396 /* AdWhirlAdapterGoogleAdMobAds.m in Sources */,
				4B7A534414AB2A2900070396 /* AdWhirlAdapterIAd.m in Sources */,
				4B7A534E14AB2A2900070396 /* AdWhirlAdapterCustom.m in Sources */,
				4B7A534F14AB2A2900070396 /* AdWhirlAdapterEvent.m in Sources */,
				4B7A535014AB2A2900070396 /* AdWhirlAdapterGeneric.m in Sources */,
				4B7A535114AB2A2900070396 /* AdWhirlAdNetworkAdapter+Helpers.m in Sources */,
				4B7A535214AB2A2900070396 /* AdWhirlAdNetworkAdapter.m in Sources */,
				4B7A535314AB2A2900070396 /* AdWhirlAdNetworkConfig.m in Sources */,
				4B7A535414AB2A2900070396 /* AdWhirlAdNetworkRegistry.m in Sources */,
				4B7A535514AB2A2900070396 /* AdWhirlClassWrapper.m in Sources */,
				4B7A535614AB2A2900070396 /* AdWhirlConfig.m in Sources */,
				4B7A535714AB2A2900070396 /* AdWhirlConfigStore.m in Sources */,
				4B7A535814AB2A2900070396 /* AdWhirlCustomAdView.m in Sources */,
				4B7A535914AB2A2900070396 /* AdWhirlError.m in Sources */,
				4B7A535A14AB2A2900070396 /* AdWhirlLog.m in Sources */,
				4B7A535B14AB2A2900070396 /* AdWhirlView.m in Sources */,
				4B7A535D14AB2A2900070396 /* AdWhirlWebBrowserController.m in Sources */,
				4B7A535E14AB2A2900070396 /* ARRollerView.m in Sources */,
				4B7A535F14AB2A2900070396 /* AWNetworkReachabilityWrapper.m in Sources */,
				4B7A536014AB2A2900070396 /* UIColor+AdWhirlConfig.m in Sources */,
				4B7A537914AB2AC200070396 /* CDataScanner.m in Sources */,
				4B7A537A14AB2AC200070396 /* CDataScanner_Extensions.m in Sources */,
				4B7A537B14AB2AC200070396 /* NSCharacterSet_Extensions.m in Sources */,
				4B7A537C14AB2AC200070396 /* NSDictionary_JSONExtensions.m in Sources */,
				4B7A537D14AB2AC200070396 /* NSScanner_Extensions.m in Sources */,
				4B7A537E14AB2AC200070396 /* CJSONDataSerializer.m in Sources */,
				4B7A537F14AB2AC200070396 /* CJSONDeserializer.m in Sources */,
				4B7A538014AB2AC200070396 /* CJSONScanner.m in Sources */,
				4B7A538114AB2AC200070396 /* CJSONSerializer.m in Sources */,
				4B7A538214AB2AC200070396 /* CSerializedJSONData.m in Sources */,
			);
			runOnlyForDeploymentPostprocessing = 0;
		};
/* End PBXSourcesBuildPhase section */

/* Begin PBXVariantGroup section */
		88085E7313F3A93000E8E91A /* InfoPlist.strings */ = {
			isa = PBXVariantGroup;
			children = (
				88085E7413F3A93000E8E91A /* en */,
			);
			name = InfoPlist.strings;
			sourceTree = "<group>";
		};
		88085E7C13F3A93000E8E91A /* MainStoryboard.storyboard */ = {
			isa = PBXVariantGroup;
			children = (
				88085E7D13F3A93000E8E91A /* en */,
			);
			name = MainStoryboard.storyboard;
			sourceTree = "<group>";
		};
/* End PBXVariantGroup section */

/* Begin XCBuildConfiguration section */
		88085E8513F3A93000E8E91A /* Debug */ = {
			isa = XCBuildConfiguration;
			buildSettings = {
				ALWAYS_SEARCH_USER_PATHS = NO;
				ARCHS = "$(ARCHS_STANDARD_32_BIT)";
				CLANG_ENABLE_OBJC_ARC = YES;
				"CODE_SIGN_IDENTITY[sdk=iphoneos*]" = "iPhone Developer";
				COPY_PHASE_STRIP = NO;
				GCC_C_LANGUAGE_STANDARD = gnu99;
				GCC_DYNAMIC_NO_PIC = NO;
				GCC_OPTIMIZATION_LEVEL = 0;
				GCC_PREPROCESSOR_DEFINITIONS = (
					"DEBUG=1",
					"$(inherited)",
				);
				GCC_SYMBOLS_PRIVATE_EXTERN = NO;
				GCC_VERSION = com.apple.compilers.llvm.clang.1_0;
				GCC_WARN_ABOUT_MISSING_PROTOTYPES = YES;
				GCC_WARN_ABOUT_RETURN_TYPE = YES;
				GCC_WARN_UNUSED_VARIABLE = YES;
				IPHONEOS_DEPLOYMENT_TARGET = 5.0;
				SDKROOT = iphoneos;
			};
			name = Debug;
		};
		88085E8613F3A93000E8E91A /* Release */ = {
			isa = XCBuildConfiguration;
			buildSettings = {
				ALWAYS_SEARCH_USER_PATHS = NO;
				ARCHS = "$(ARCHS_STANDARD_32_BIT)";
				CLANG_ENABLE_OBJC_ARC = YES;
				"CODE_SIGN_IDENTITY[sdk=iphoneos*]" = "iPhone Developer";
				COPY_PHASE_STRIP = YES;
				GCC_C_LANGUAGE_STANDARD = gnu99;
				GCC_VERSION = com.apple.compilers.llvm.clang.1_0;
				GCC_WARN_ABOUT_MISSING_PROTOTYPES = YES;
				GCC_WARN_ABOUT_RETURN_TYPE = YES;
				GCC_WARN_UNUSED_VARIABLE = YES;
				IPHONEOS_DEPLOYMENT_TARGET = 5.0;
				OTHER_CFLAGS = "-DNS_BLOCK_ASSERTIONS=1";
				SDKROOT = iphoneos;
				VALIDATE_PRODUCT = YES;
			};
			name = Release;
		};
		88085E8813F3A93000E8E91A /* Debug */ = {
			isa = XCBuildConfiguration;
			buildSettings = {
				GCC_PRECOMPILE_PREFIX_HEADER = YES;
				GCC_PREFIX_HEADER = "EasyNav/EasyNav-Prefix.pch";
				INFOPLIST_FILE = "EasyNav/EasyNav-Info.plist";
				LIBRARY_SEARCH_PATHS = (
					"$(inherited)",
					"\"$(SRCROOT)\"",
					"\"$(SRCROOT)/Frameworks\"",
					"\"$(SRCROOT)/Frameworks/AdMob\"",
				);
				PRODUCT_NAME = EasyNav;
				WRAPPER_EXTENSION = app;
			};
			name = Debug;
		};
		88085E8913F3A93000E8E91A /* Release */ = {
			isa = XCBuildConfiguration;
			buildSettings = {
				GCC_PRECOMPILE_PREFIX_HEADER = YES;
				GCC_PREFIX_HEADER = "EasyNav/EasyNav-Prefix.pch";
				INFOPLIST_FILE = "EasyNav/EasyNav-Info.plist";
				LIBRARY_SEARCH_PATHS = (
					"$(inherited)",
					"\"$(SRCROOT)\"",
					"\"$(SRCROOT)/Frameworks\"",
					"\"$(SRCROOT)/Frameworks/AdMob\"",
				);
				PRODUCT_NAME = EasyNav;
				WRAPPER_EXTENSION = app;
			};
			name = Release;
		};
/* End XCBuildConfiguration section */

/* Begin XCConfigurationList section */
		88085E6013F3A93000E8E91A /* Build configuration list for PBXProject "EasyNav" */ = {
			isa = XCConfigurationList;
			buildConfigurations = (
				88085E8513F3A93000E8E91A /* Debug */,
				88085E8613F3A93000E8E91A /* Release */,
			);
			defaultConfigurationIsVisible = 0;
			defaultConfigurationName = Release;
		};
		88085E8713F3A93000E8E91A /* Build configuration list for PBXNativeTarget "EasyNav" */ = {
			isa = XCConfigurationList;
			buildConfigurations = (
				88085E8813F3A93000E8E91A /* Debug */,
				88085E8913F3A93000E8E91A /* Release */,
			);
			defaultConfigurationIsVisible = 0;
			defaultConfigurationName = Release;
		};
/* End XCConfigurationList section */
	};
	rootObject = 88085E5D13F3A93000E8E91A /* Project object */;
}
